PODS:
  - Expecta (0.3.2)
  - FBSnapshotTestCase (1.5)
  - GranadaLayout (0.3.0)

DEPENDENCIES:
  - Expecta (~> 0.3.1)
  - FBSnapshotTestCase
  - GranadaLayout (from `../GranadaLayout.podspec`)

EXTERNAL SOURCES:
  GranadaLayout:
    :path: ../GranadaLayout.podspec

SPEC CHECKSUMS:
  Expecta: ee641011fe10aa1855d487b40e4976dac50ec342
  FBSnapshotTestCase: e2914fbaabccea1dcc773d6a16b1c24540642488
  GranadaLayout: 87f12c386b2d76860eb4f8dd9da4a19db8cd50b7

COCOAPODS: 0.36.0
