PODS:
  - Expecta (0.3.2)
  - FBSnapshotTestCase (1.5)
  - GranadaLayout (0.2.4)

DEPENDENCIES:
  - Expecta (~> 0.3.1)
  - FBSnapshotTestCase
  - GranadaLayout (from `../GranadaLayout.podspec`)

EXTERNAL SOURCES:
  GranadaLayout:
    :path: ../GranadaLayout.podspec

SPEC CHECKSUMS:
  Expecta: ee641011fe10aa1855d487b40e4976dac50ec342
  FBSnapshotTestCase: e2914fbaabccea1dcc773d6a16b1c24540642488
  GranadaLayout: 966c643d3b689cb512191bf36dd24dfe0433ea51

COCOAPODS: 0.36.0
