<?xml version="1.0" encoding="UTF-8"?>
<!DOCTYPE plist PUBLIC "-//Apple//DTD PLIST 1.0//EN" "http://www.apple.com/DTDs/PropertyList-1.0.dtd">
<plist version="1.0">
<dict>
	<key>archiveVersion</key>
	<string>1</string>
	<key>classes</key>
	<dict/>
	<key>objectVersion</key>
	<string>46</string>
	<key>objects</key>
	<dict>
		<key>07857A9D558FF512A16730E0</key>
		<dict>
			<key>buildActionMask</key>
			<string>2147483647</string>
			<key>files</key>
			<array/>
			<key>inputPaths</key>
			<array/>
			<key>isa</key>
			<string>PBXShellScriptBuildPhase</string>
			<key>name</key>
			<string>Copy Pods Resources</string>
			<key>outputPaths</key>
			<array/>
			<key>runOnlyForDeploymentPostprocessing</key>
			<string>0</string>
			<key>shellPath</key>
			<string>/bin/sh</string>
			<key>shellScript</key>
			<string>"${SRCROOT}/Pods/Target Support Files/Pods-Example/Pods-Example-resources.sh"
</string>
			<key>showEnvVarsInLog</key>
			<string>0</string>
		</dict>
		<key>15B4BDA80C613A087E0912E1</key>
		<dict>
			<key>includeInIndex</key>
			<string>1</string>
			<key>isa</key>
			<string>PBXFileReference</string>
			<key>lastKnownFileType</key>
			<string>text.xcconfig</string>
			<key>name</key>
			<string>Pods-Tests.debug.xcconfig</string>
			<key>path</key>
			<string>Pods/Target Support Files/Pods-Tests/Pods-Tests.debug.xcconfig</string>
			<key>sourceTree</key>
			<string>&lt;group&gt;</string>
		</dict>
		<key>3A4DC4E41AF44E5AE2DD3762</key>
		<dict>
			<key>children</key>
			<array>
				<string>5A29F83379014C3DF9AC03E4</string>
				<string>9F6C11B727DA51D1D5465A2F</string>
			</array>
			<key>isa</key>
			<string>PBXGroup</string>
			<key>name</key>
			<string>Frameworks</string>
			<key>sourceTree</key>
			<string>&lt;group&gt;</string>
		</dict>
		<key>3C548B0CBEE85E304C35995E</key>
		<dict>
			<key>buildActionMask</key>
			<string>2147483647</string>
			<key>files</key>
			<array/>
			<key>inputPaths</key>
			<array/>
			<key>isa</key>
			<string>PBXShellScriptBuildPhase</string>
			<key>name</key>
			<string>Check Pods Manifest.lock</string>
			<key>outputPaths</key>
			<array/>
			<key>runOnlyForDeploymentPostprocessing</key>
			<string>0</string>
			<key>shellPath</key>
			<string>/bin/sh</string>
			<key>shellScript</key>
			<string>diff "${PODS_ROOT}/../Podfile.lock" "${PODS_ROOT}/Manifest.lock" &gt; /dev/null
if [[ $? != 0 ]] ; then
    cat &lt;&lt; EOM
error: The sandbox is not in sync with the Podfile.lock. Run 'pod install' or update your CocoaPods installation.
EOM
    exit 1
fi
</string>
			<key>showEnvVarsInLog</key>
			<string>0</string>
		</dict>
		<key>52B8E55FEED8081ECE684CBE</key>
		<dict>
			<key>includeInIndex</key>
			<string>1</string>
			<key>isa</key>
			<string>PBXFileReference</string>
			<key>lastKnownFileType</key>
			<string>text.xcconfig</string>
			<key>name</key>
			<string>Pods-Example.debug.xcconfig</string>
			<key>path</key>
			<string>Pods/Target Support Files/Pods-Example/Pods-Example.debug.xcconfig</string>
			<key>sourceTree</key>
			<string>&lt;group&gt;</string>
		</dict>
		<key>5A29F83379014C3DF9AC03E4</key>
		<dict>
			<key>explicitFileType</key>
			<string>archive.ar</string>
			<key>includeInIndex</key>
			<string>0</string>
			<key>isa</key>
			<string>PBXFileReference</string>
			<key>path</key>
			<string>libPods-Example.a</string>
			<key>sourceTree</key>
			<string>BUILT_PRODUCTS_DIR</string>
		</dict>
		<key>6EA9633F27AFC81749A1C09A</key>
		<dict>
			<key>fileRef</key>
			<string>9F6C11B727DA51D1D5465A2F</string>
			<key>isa</key>
			<string>PBXBuildFile</string>
		</dict>
		<key>88E8C54542F30F340515EF1D</key>
		<dict>
			<key>buildActionMask</key>
			<string>2147483647</string>
			<key>files</key>
			<array/>
			<key>inputPaths</key>
			<array/>
			<key>isa</key>
			<string>PBXShellScriptBuildPhase</string>
			<key>name</key>
			<string>Check Pods Manifest.lock</string>
			<key>outputPaths</key>
			<array/>
			<key>runOnlyForDeploymentPostprocessing</key>
			<string>0</string>
			<key>shellPath</key>
			<string>/bin/sh</string>
			<key>shellScript</key>
			<string>diff "${PODS_ROOT}/../Podfile.lock" "${PODS_ROOT}/Manifest.lock" &gt; /dev/null
if [[ $? != 0 ]] ; then
    cat &lt;&lt; EOM
error: The sandbox is not in sync with the Podfile.lock. Run 'pod install' or update your CocoaPods installation.
EOM
    exit 1
fi
</string>
			<key>showEnvVarsInLog</key>
			<string>0</string>
		</dict>
		<key>90E3F290B0C7C418193CE2CE</key>
		<dict>
			<key>buildActionMask</key>
			<string>2147483647</string>
			<key>files</key>
			<array/>
			<key>inputPaths</key>
			<array/>
			<key>isa</key>
			<string>PBXShellScriptBuildPhase</string>
			<key>name</key>
			<string>Copy Pods Resources</string>
			<key>outputPaths</key>
			<array/>
			<key>runOnlyForDeploymentPostprocessing</key>
			<string>0</string>
			<key>shellPath</key>
			<string>/bin/sh</string>
			<key>shellScript</key>
			<string>"${SRCROOT}/Pods/Target Support Files/Pods-Tests/Pods-Tests-resources.sh"
</string>
			<key>showEnvVarsInLog</key>
			<string>0</string>
		</dict>
		<key>9A8E25B9C1A43846F8623597</key>
		<dict>
			<key>children</key>
			<array>
				<string>52B8E55FEED8081ECE684CBE</string>
				<string>FF12DCF473391DD003B32A52</string>
				<string>15B4BDA80C613A087E0912E1</string>
				<string>FB68E9A3DCEB1A6BB74AC22D</string>
			</array>
			<key>isa</key>
			<string>PBXGroup</string>
			<key>name</key>
			<string>Pods</string>
			<key>sourceTree</key>
			<string>&lt;group&gt;</string>
		</dict>
		<key>9F6C11B727DA51D1D5465A2F</key>
		<dict>
			<key>explicitFileType</key>
			<string>archive.ar</string>
			<key>includeInIndex</key>
			<string>0</string>
			<key>isa</key>
			<string>PBXFileReference</string>
			<key>path</key>
			<string>libPods-Tests.a</string>
			<key>sourceTree</key>
			<string>BUILT_PRODUCTS_DIR</string>
		</dict>
		<key>B7E53FCEA6AA31ECD037B56B</key>
		<dict>
			<key>fileRef</key>
			<string>5A29F83379014C3DF9AC03E4</string>
			<key>isa</key>
			<string>PBXBuildFile</string>
		</dict>
		<key>C048AEEA19E14CA8005B163E</key>
		<dict>
			<key>fileEncoding</key>
			<string>4</string>
			<key>isa</key>
			<string>PBXFileReference</string>
			<key>lastKnownFileType</key>
			<string>text</string>
			<key>path</key>
			<string>relative_wrapped_push.grx</string>
			<key>sourceTree</key>
			<string>&lt;group&gt;</string>
		</dict>
		<key>C048AEEB19E14CA8005B163E</key>
		<dict>
			<key>fileRef</key>
			<string>C048AEEA19E14CA8005B163E</string>
			<key>isa</key>
			<string>PBXBuildFile</string>
		</dict>
		<key>C048AEEC19E14F90005B163E</key>
		<dict>
			<key>fileEncoding</key>
			<string>4</string>
			<key>isa</key>
			<string>PBXFileReference</string>
			<key>lastKnownFileType</key>
			<string>text</string>
			<key>path</key>
			<string>relative_wrapped.grx</string>
			<key>sourceTree</key>
			<string>&lt;group&gt;</string>
		</dict>
		<key>C048AEED19E14F90005B163E</key>
		<dict>
			<key>fileRef</key>
			<string>C048AEEC19E14F90005B163E</string>
			<key>isa</key>
			<string>PBXBuildFile</string>
		</dict>
		<key>C051DE3E19E423AA00A64132</key>
		<dict>
			<key>fileEncoding</key>
			<string>4</string>
			<key>isa</key>
			<string>PBXFileReference</string>
			<key>lastKnownFileType</key>
			<string>sourcecode.c.h</string>
			<key>path</key>
			<string>GRXCollectionViewTestController.h</string>
			<key>sourceTree</key>
			<string>&lt;group&gt;</string>
		</dict>
		<key>C051DE3F19E423AA00A64132</key>
		<dict>
			<key>fileEncoding</key>
			<string>4</string>
			<key>isa</key>
			<string>PBXFileReference</string>
			<key>lastKnownFileType</key>
			<string>sourcecode.c.objc</string>
			<key>path</key>
			<string>GRXCollectionViewTestController.m</string>
			<key>sourceTree</key>
			<string>&lt;group&gt;</string>
		</dict>
		<key>C051DE4019E423AA00A64132</key>
		<dict>
			<key>fileRef</key>
			<string>C051DE3F19E423AA00A64132</string>
			<key>isa</key>
			<string>PBXBuildFile</string>
		</dict>
		<key>C051DE4119E4240600A64132</key>
		<dict>
			<key>fileEncoding</key>
			<string>4</string>
			<key>isa</key>
			<string>PBXFileReference</string>
			<key>lastKnownFileType</key>
			<string>sourcecode.c.h</string>
			<key>path</key>
			<string>GRXTestViewController.h</string>
			<key>sourceTree</key>
			<string>&lt;group&gt;</string>
		</dict>
		<key>C053E0FD19E159C200336D7F</key>
		<dict>
			<key>fileEncoding</key>
			<string>4</string>
			<key>isa</key>
			<string>PBXFileReference</string>
			<key>lastKnownFileType</key>
			<string>text</string>
			<key>path</key>
			<string>relative_wrapped_around_center.grx</string>
			<key>sourceTree</key>
			<string>&lt;group&gt;</string>
		</dict>
		<key>C053E0FE19E159C200336D7F</key>
		<dict>
			<key>fileRef</key>
			<string>C053E0FD19E159C200336D7F</string>
			<key>isa</key>
			<string>PBXBuildFile</string>
		</dict>
		<key>C053E0FF19E1AB7600336D7F</key>
		<dict>
			<key>fileEncoding</key>
			<string>4</string>
			<key>isa</key>
			<string>PBXFileReference</string>
			<key>lastKnownFileType</key>
			<string>sourcecode.c.h</string>
			<key>path</key>
			<string>GRXBaseInflationTestController.h</string>
			<key>sourceTree</key>
			<string>&lt;group&gt;</string>
		</dict>
		<key>C053E10019E1AB7600336D7F</key>
		<dict>
			<key>fileEncoding</key>
			<string>4</string>
			<key>isa</key>
			<string>PBXFileReference</string>
			<key>lastKnownFileType</key>
			<string>sourcecode.c.objc</string>
			<key>path</key>
			<string>GRXBaseInflationTestController.m</string>
			<key>sourceTree</key>
			<string>&lt;group&gt;</string>
		</dict>
		<key>C053E10119E1AB7600336D7F</key>
		<dict>
			<key>fileRef</key>
			<string>C053E10019E1AB7600336D7F</string>
			<key>isa</key>
			<string>PBXBuildFile</string>
		</dict>
		<key>C053E10219E1B54100336D7F</key>
		<dict>
			<key>fileEncoding</key>
			<string>4</string>
			<key>isa</key>
			<string>PBXFileReference</string>
			<key>lastKnownFileType</key>
			<string>text</string>
			<key>path</key>
			<string>linear_test_1.grx</string>
			<key>sourceTree</key>
			<string>&lt;group&gt;</string>
		</dict>
		<key>C053E10319E1B54100336D7F</key>
		<dict>
			<key>fileRef</key>
			<string>C053E10219E1B54100336D7F</string>
			<key>isa</key>
			<string>PBXBuildFile</string>
		</dict>
		<key>C053E10419E1B5FF00336D7F</key>
		<dict>
			<key>fileEncoding</key>
			<string>4</string>
			<key>isa</key>
			<string>PBXFileReference</string>
			<key>lastKnownFileType</key>
			<string>sourcecode.c.h</string>
			<key>path</key>
			<string>GRXLinearTestController1.h</string>
			<key>sourceTree</key>
			<string>&lt;group&gt;</string>
		</dict>
		<key>C053E10519E1B5FF00336D7F</key>
		<dict>
			<key>fileEncoding</key>
			<string>4</string>
			<key>isa</key>
			<string>PBXFileReference</string>
			<key>lastKnownFileType</key>
			<string>sourcecode.c.objc</string>
			<key>path</key>
			<string>GRXLinearTestController1.m</string>
			<key>sourceTree</key>
			<string>&lt;group&gt;</string>
		</dict>
		<key>C053E10619E1B5FF00336D7F</key>
		<dict>
			<key>fileRef</key>
			<string>C053E10519E1B5FF00336D7F</string>
			<key>isa</key>
			<string>PBXBuildFile</string>
		</dict>
		<key>C05BFA2719DEA9BF00C8FF34</key>
		<dict>
			<key>children</key>
			<array>
				<string>C05BFA2819DEAAA000C8FF34</string>
				<string>C05BFA2A19DEAAA000C8FF34</string>
				<string>C05BFA2919DEAAA000C8FF34</string>
				<string>C05BFA2B19DEAAA000C8FF34</string>
				<string>C05BFA3919DEB03700C8FF34</string>
				<string>C05BFA3B19DEB4DD00C8FF34</string>
				<string>C05BFA4619DF12D300C8FF34</string>
				<string>C048AEEC19E14F90005B163E</string>
				<string>C048AEEA19E14CA8005B163E</string>
				<string>C053E0FD19E159C200336D7F</string>
			</array>
			<key>isa</key>
			<string>PBXGroup</string>
			<key>path</key>
			<string>Fixtures</string>
			<key>sourceTree</key>
			<string>&lt;group&gt;</string>
		</dict>
		<key>C05BFA2819DEAAA000C8FF34</key>
		<dict>
			<key>fileEncoding</key>
			<string>4</string>
			<key>isa</key>
			<string>PBXFileReference</string>
			<key>lastKnownFileType</key>
			<string>text</string>
			<key>path</key>
			<string>empty.grx</string>
			<key>sourceTree</key>
			<string>&lt;group&gt;</string>
		</dict>
		<key>C05BFA2919DEAAA000C8FF34</key>
		<dict>
			<key>fileEncoding</key>
			<string>4</string>
			<key>isa</key>
			<string>PBXFileReference</string>
			<key>lastKnownFileType</key>
			<string>text</string>
			<key>path</key>
			<string>linear_root.grx</string>
			<key>sourceTree</key>
			<string>&lt;group&gt;</string>
		</dict>
		<key>C05BFA2A19DEAAA000C8FF34</key>
		<dict>
			<key>fileEncoding</key>
			<string>4</string>
			<key>isa</key>
			<string>PBXFileReference</string>
			<key>lastKnownFileType</key>
			<string>text</string>
			<key>path</key>
			<string>no_layout_root.grx</string>
			<key>sourceTree</key>
			<string>&lt;group&gt;</string>
		</dict>
		<key>C05BFA2B19DEAAA000C8FF34</key>
		<dict>
			<key>fileEncoding</key>
			<string>4</string>
			<key>isa</key>
			<string>PBXFileReference</string>
			<key>lastKnownFileType</key>
			<string>text</string>
			<key>path</key>
			<string>relative_root.grx</string>
			<key>sourceTree</key>
			<string>&lt;group&gt;</string>
		</dict>
		<key>C05BFA2C19DEAAA000C8FF34</key>
		<dict>
			<key>fileRef</key>
			<string>C05BFA2819DEAAA000C8FF34</string>
			<key>isa</key>
			<string>PBXBuildFile</string>
		</dict>
		<key>C05BFA2D19DEAAA000C8FF34</key>
		<dict>
			<key>fileRef</key>
			<string>C05BFA2919DEAAA000C8FF34</string>
			<key>isa</key>
			<string>PBXBuildFile</string>
		</dict>
		<key>C05BFA2E19DEAAA000C8FF34</key>
		<dict>
			<key>fileRef</key>
			<string>C05BFA2A19DEAAA000C8FF34</string>
			<key>isa</key>
			<string>PBXBuildFile</string>
		</dict>
		<key>C05BFA2F19DEAAA000C8FF34</key>
		<dict>
			<key>fileRef</key>
			<string>C05BFA2B19DEAAA000C8FF34</string>
			<key>isa</key>
			<string>PBXBuildFile</string>
		</dict>
		<key>C05BFA3019DEAC1600C8FF34</key>
		<dict>
			<key>fileEncoding</key>
			<string>4</string>
			<key>isa</key>
			<string>PBXFileReference</string>
			<key>lastKnownFileType</key>
			<string>sourcecode.c.objc</string>
			<key>path</key>
			<string>GRXLinearLayoutUnitTests.m</string>
			<key>sourceTree</key>
			<string>&lt;group&gt;</string>
		</dict>
		<key>C05BFA3119DEAC1600C8FF34</key>
		<dict>
			<key>fileRef</key>
			<string>C05BFA3019DEAC1600C8FF34</string>
			<key>isa</key>
			<string>PBXBuildFile</string>
		</dict>
		<key>C05BFA3219DEAC2B00C8FF34</key>
		<dict>
			<key>fileEncoding</key>
			<string>4</string>
			<key>isa</key>
			<string>PBXFileReference</string>
			<key>lastKnownFileType</key>
			<string>sourcecode.c.objc</string>
			<key>path</key>
			<string>GRXRelativeLayoutUnitTests.m</string>
			<key>sourceTree</key>
			<string>&lt;group&gt;</string>
		</dict>
		<key>C05BFA3319DEAC2B00C8FF34</key>
		<dict>
			<key>fileRef</key>
			<string>C05BFA3219DEAC2B00C8FF34</string>
			<key>isa</key>
			<string>PBXBuildFile</string>
		</dict>
		<key>C05BFA3619DEAC8F00C8FF34</key>
		<dict>
			<key>fileEncoding</key>
			<string>4</string>
			<key>isa</key>
			<string>PBXFileReference</string>
			<key>lastKnownFileType</key>
			<string>sourcecode.c.h</string>
			<key>path</key>
			<string>GRXTestHelper.h</string>
			<key>sourceTree</key>
			<string>&lt;group&gt;</string>
		</dict>
		<key>C05BFA3719DEAC8F00C8FF34</key>
		<dict>
			<key>fileEncoding</key>
			<string>4</string>
			<key>isa</key>
			<string>PBXFileReference</string>
			<key>lastKnownFileType</key>
			<string>sourcecode.c.objc</string>
			<key>path</key>
			<string>GRXTestHelper.m</string>
			<key>sourceTree</key>
			<string>&lt;group&gt;</string>
		</dict>
		<key>C05BFA3819DEAC8F00C8FF34</key>
		<dict>
			<key>fileRef</key>
			<string>C05BFA3719DEAC8F00C8FF34</string>
			<key>isa</key>
			<string>PBXBuildFile</string>
		</dict>
		<key>C05BFA3919DEB03700C8FF34</key>
		<dict>
			<key>fileEncoding</key>
			<string>4</string>
			<key>isa</key>
			<string>PBXFileReference</string>
			<key>lastKnownFileType</key>
			<string>text</string>
			<key>path</key>
			<string>linear_in_relative.grx</string>
			<key>sourceTree</key>
			<string>&lt;group&gt;</string>
		</dict>
		<key>C05BFA3A19DEB03700C8FF34</key>
		<dict>
			<key>fileRef</key>
			<string>C05BFA3919DEB03700C8FF34</string>
			<key>isa</key>
			<string>PBXBuildFile</string>
		</dict>
		<key>C05BFA3B19DEB4DD00C8FF34</key>
		<dict>
			<key>fileEncoding</key>
			<string>4</string>
			<key>isa</key>
			<string>PBXFileReference</string>
			<key>lastKnownFileType</key>
			<string>text</string>
			<key>path</key>
			<string>relative_parent.grx</string>
			<key>sourceTree</key>
			<string>&lt;group&gt;</string>
		</dict>
		<key>C05BFA3C19DEB4DD00C8FF34</key>
		<dict>
			<key>fileRef</key>
			<string>C05BFA3B19DEB4DD00C8FF34</string>
			<key>isa</key>
			<string>PBXBuildFile</string>
		</dict>
		<key>C05BFA3D19DEB9FF00C8FF34</key>
		<dict>
			<key>fileEncoding</key>
			<string>4</string>
			<key>isa</key>
			<string>PBXFileReference</string>
			<key>lastKnownFileType</key>
			<string>sourcecode.c.objc</string>
			<key>path</key>
			<string>GRXRelativeSnapshotTests.m</string>
			<key>sourceTree</key>
			<string>&lt;group&gt;</string>
		</dict>
		<key>C05BFA3E19DEB9FF00C8FF34</key>
		<dict>
			<key>fileRef</key>
			<string>C05BFA3D19DEB9FF00C8FF34</string>
			<key>isa</key>
			<string>PBXBuildFile</string>
		</dict>
		<key>C05BFA4119DF09A000C8FF34</key>
		<dict>
			<key>containerPortal</key>
			<string>C09F21E419DC590D0069C0A1</string>
			<key>isa</key>
			<string>PBXContainerItemProxy</string>
			<key>proxyType</key>
			<string>1</string>
			<key>remoteGlobalIDString</key>
			<string>C09F21EB19DC590D0069C0A1</string>
			<key>remoteInfo</key>
			<string>Example</string>
		</dict>
		<key>C05BFA4219DF09A000C8FF34</key>
		<dict>
			<key>isa</key>
			<string>PBXTargetDependency</string>
			<key>target</key>
			<string>C09F21EB19DC590D0069C0A1</string>
			<key>targetProxy</key>
			<string>C05BFA4119DF09A000C8FF34</string>
		</dict>
		<key>C05BFA4319DF0F9F00C8FF34</key>
		<dict>
			<key>fileEncoding</key>
			<string>4</string>
			<key>isa</key>
			<string>PBXFileReference</string>
			<key>lastKnownFileType</key>
			<string>sourcecode.c.h</string>
			<key>path</key>
			<string>GRXTestAppDelegate.h</string>
			<key>sourceTree</key>
			<string>&lt;group&gt;</string>
		</dict>
		<key>C05BFA4419DF0F9F00C8FF34</key>
		<dict>
			<key>fileEncoding</key>
			<string>4</string>
			<key>isa</key>
			<string>PBXFileReference</string>
			<key>lastKnownFileType</key>
			<string>sourcecode.c.objc</string>
			<key>path</key>
			<string>GRXTestAppDelegate.m</string>
			<key>sourceTree</key>
			<string>&lt;group&gt;</string>
		</dict>
		<key>C05BFA4519DF0F9F00C8FF34</key>
		<dict>
			<key>fileRef</key>
			<string>C05BFA4419DF0F9F00C8FF34</string>
			<key>isa</key>
			<string>PBXBuildFile</string>
		</dict>
		<key>C05BFA4619DF12D300C8FF34</key>
		<dict>
			<key>fileEncoding</key>
			<string>4</string>
			<key>isa</key>
			<string>PBXFileReference</string>
			<key>lastKnownFileType</key>
			<string>text</string>
			<key>path</key>
			<string>relative_other_views.grx</string>
			<key>sourceTree</key>
			<string>&lt;group&gt;</string>
		</dict>
		<key>C05BFA4719DF12D300C8FF34</key>
		<dict>
			<key>fileRef</key>
			<string>C05BFA4619DF12D300C8FF34</string>
			<key>isa</key>
			<string>PBXBuildFile</string>
		</dict>
		<key>C09F21E319DC590D0069C0A1</key>
		<dict>
			<key>children</key>
			<array>
				<string>C09F21EE19DC590D0069C0A1</string>
				<string>C09F220819DC590D0069C0A1</string>
				<string>C09F21ED19DC590D0069C0A1</string>
				<string>9A8E25B9C1A43846F8623597</string>
				<string>3A4DC4E41AF44E5AE2DD3762</string>
			</array>
			<key>isa</key>
			<string>PBXGroup</string>
			<key>sourceTree</key>
			<string>&lt;group&gt;</string>
		</dict>
		<key>C09F21E419DC590D0069C0A1</key>
		<dict>
			<key>attributes</key>
			<dict>
				<key>LastUpgradeCheck</key>
				<string>0600</string>
				<key>ORGANIZATIONNAME</key>
				<string>gskbyte</string>
				<key>TargetAttributes</key>
				<dict>
					<key>C09F21EB19DC590D0069C0A1</key>
					<dict>
						<key>CreatedOnToolsVersion</key>
						<string>6.0.1</string>
					</dict>
					<key>C09F220419DC590D0069C0A1</key>
					<dict>
						<key>CreatedOnToolsVersion</key>
						<string>6.0.1</string>
						<key>TestTargetID</key>
						<string>C09F21EB19DC590D0069C0A1</string>
					</dict>
				</dict>
			</dict>
			<key>buildConfigurationList</key>
			<string>C09F21E719DC590D0069C0A1</string>
			<key>compatibilityVersion</key>
			<string>Xcode 3.2</string>
			<key>developmentRegion</key>
			<string>English</string>
			<key>hasScannedForEncodings</key>
			<string>0</string>
			<key>isa</key>
			<string>PBXProject</string>
			<key>knownRegions</key>
			<array>
				<string>en</string>
				<string>Base</string>
			</array>
			<key>mainGroup</key>
			<string>C09F21E319DC590D0069C0A1</string>
			<key>productRefGroup</key>
			<string>C09F21ED19DC590D0069C0A1</string>
			<key>projectDirPath</key>
			<string></string>
			<key>projectReferences</key>
			<array/>
			<key>projectRoot</key>
			<string></string>
			<key>targets</key>
			<array>
				<string>C09F21EB19DC590D0069C0A1</string>
				<string>C09F220419DC590D0069C0A1</string>
			</array>
		</dict>
		<key>C09F21E719DC590D0069C0A1</key>
		<dict>
			<key>buildConfigurations</key>
			<array>
				<string>C09F220D19DC590D0069C0A1</string>
				<string>C09F220E19DC590D0069C0A1</string>
			</array>
			<key>defaultConfigurationIsVisible</key>
			<string>0</string>
			<key>defaultConfigurationName</key>
			<string>Release</string>
			<key>isa</key>
			<string>XCConfigurationList</string>
		</dict>
		<key>C09F21E819DC590D0069C0A1</key>
		<dict>
			<key>buildActionMask</key>
			<string>2147483647</string>
			<key>files</key>
			<array>
				<string>C053E10119E1AB7600336D7F</string>
				<string>C09F225419DC5A390069C0A1</string>
				<string>C09F224F19DC5A390069C0A1</string>
				<string>C09F224E19DC5A390069C0A1</string>
				<string>C051DE4019E423AA00A64132</string>
				<string>C09F224D19DC5A390069C0A1</string>
				<string>C09F21F219DC590D0069C0A1</string>
				<string>C09F226D19DC69BF0069C0A1</string>
				<string>C09F225119DC5A390069C0A1</string>
				<string>C09F225619DC5A390069C0A1</string>
				<string>C09F225319DC5A390069C0A1</string>
				<string>C05BFA4519DF0F9F00C8FF34</string>
				<string>C09F225219DC5A390069C0A1</string>
				<string>C09F225519DC5A390069C0A1</string>
				<string>C09F225019DC5A390069C0A1</string>
				<string>C053E10619E1B5FF00336D7F</string>
			</array>
			<key>isa</key>
			<string>PBXSourcesBuildPhase</string>
			<key>runOnlyForDeploymentPostprocessing</key>
			<string>0</string>
		</dict>
		<key>C09F21E919DC590D0069C0A1</key>
		<dict>
			<key>buildActionMask</key>
			<string>2147483647</string>
			<key>files</key>
			<array>
				<string>B7E53FCEA6AA31ECD037B56B</string>
			</array>
			<key>isa</key>
			<string>PBXFrameworksBuildPhase</string>
			<key>runOnlyForDeploymentPostprocessing</key>
			<string>0</string>
		</dict>
		<key>C09F21EA19DC590D0069C0A1</key>
		<dict>
			<key>buildActionMask</key>
			<string>2147483647</string>
			<key>files</key>
			<array>
				<string>C09F225A19DC5D630069C0A1</string>
				<string>C053E10319E1B54100336D7F</string>
				<string>C09F224C19DC5A390069C0A1</string>
				<string>C0A2368B19E5174C007AA875</string>
			</array>
			<key>isa</key>
			<string>PBXResourcesBuildPhase</string>
			<key>runOnlyForDeploymentPostprocessing</key>
			<string>0</string>
		</dict>
		<key>C09F21EB19DC590D0069C0A1</key>
		<dict>
			<key>buildConfigurationList</key>
			<string>C09F220F19DC590D0069C0A1</string>
			<key>buildPhases</key>
			<array>
				<string>88E8C54542F30F340515EF1D</string>
				<string>C09F21E819DC590D0069C0A1</string>
				<string>C09F21E919DC590D0069C0A1</string>
				<string>C09F21EA19DC590D0069C0A1</string>
				<string>07857A9D558FF512A16730E0</string>
			</array>
			<key>buildRules</key>
			<array/>
			<key>dependencies</key>
			<array/>
			<key>isa</key>
			<string>PBXNativeTarget</string>
			<key>name</key>
			<string>Example</string>
			<key>productName</key>
			<string>Example</string>
			<key>productReference</key>
			<string>C09F21EC19DC590D0069C0A1</string>
			<key>productType</key>
			<string>com.apple.product-type.application</string>
		</dict>
		<key>C09F21EC19DC590D0069C0A1</key>
		<dict>
			<key>explicitFileType</key>
			<string>wrapper.application</string>
			<key>includeInIndex</key>
			<string>0</string>
			<key>isa</key>
			<string>PBXFileReference</string>
			<key>path</key>
			<string>Example.app</string>
			<key>sourceTree</key>
			<string>BUILT_PRODUCTS_DIR</string>
		</dict>
		<key>C09F21ED19DC590D0069C0A1</key>
		<dict>
			<key>children</key>
			<array>
				<string>C09F21EC19DC590D0069C0A1</string>
				<string>C09F220519DC590D0069C0A1</string>
			</array>
			<key>isa</key>
			<string>PBXGroup</string>
			<key>name</key>
			<string>Products</string>
			<key>sourceTree</key>
			<string>&lt;group&gt;</string>
		</dict>
		<key>C09F21EE19DC590D0069C0A1</key>
		<dict>
			<key>children</key>
			<array>
				<string>C09F225719DC5D560069C0A1</string>
				<string>C09F223619DC5A390069C0A1</string>
				<string>C09F223819DC5A390069C0A1</string>
				<string>C09F223919DC5A390069C0A1</string>
				<string>C09F224419DC5A390069C0A1</string>
				<string>C09F224519DC5A390069C0A1</string>
				<string>C051DE4119E4240600A64132</string>
				<string>C09F224619DC5A390069C0A1</string>
				<string>C09F224719DC5A390069C0A1</string>
				<string>C053E0FF19E1AB7600336D7F</string>
				<string>C053E10019E1AB7600336D7F</string>
				<string>C09F21EF19DC590D0069C0A1</string>
				<string>C09F226B19DC69BF0069C0A1</string>
				<string>C09F226C19DC69BF0069C0A1</string>
				<string>C05BFA4319DF0F9F00C8FF34</string>
				<string>C05BFA4419DF0F9F00C8FF34</string>
				<string>C053E10419E1B5FF00336D7F</string>
				<string>C053E10519E1B5FF00336D7F</string>
				<string>C09F224819DC5A390069C0A1</string>
				<string>C09F224919DC5A390069C0A1</string>
				<string>C09F224A19DC5A390069C0A1</string>
				<string>C09F224B19DC5A390069C0A1</string>
				<string>C09F223A19DC5A390069C0A1</string>
				<string>C09F223B19DC5A390069C0A1</string>
				<string>C09F223C19DC5A390069C0A1</string>
				<string>C09F223D19DC5A390069C0A1</string>
				<string>C09F223E19DC5A390069C0A1</string>
				<string>C09F223F19DC5A390069C0A1</string>
				<string>C09F224019DC5A390069C0A1</string>
				<string>C09F224119DC5A390069C0A1</string>
				<string>C09F224219DC5A390069C0A1</string>
				<string>C09F224319DC5A390069C0A1</string>
				<string>C051DE3E19E423AA00A64132</string>
				<string>C051DE3F19E423AA00A64132</string>
			</array>
			<key>isa</key>
			<string>PBXGroup</string>
			<key>path</key>
			<string>Example</string>
			<key>sourceTree</key>
			<string>&lt;group&gt;</string>
		</dict>
		<key>C09F21EF19DC590D0069C0A1</key>
		<dict>
			<key>children</key>
			<array>
				<string>C09F21F019DC590D0069C0A1</string>
				<string>C09F21F119DC590D0069C0A1</string>
			</array>
			<key>isa</key>
			<string>PBXGroup</string>
			<key>name</key>
			<string>Supporting Files</string>
			<key>sourceTree</key>
			<string>&lt;group&gt;</string>
		</dict>
		<key>C09F21F019DC590D0069C0A1</key>
		<dict>
			<key>isa</key>
			<string>PBXFileReference</string>
			<key>lastKnownFileType</key>
			<string>text.plist.xml</string>
			<key>path</key>
			<string>Info.plist</string>
			<key>sourceTree</key>
			<string>&lt;group&gt;</string>
		</dict>
		<key>C09F21F119DC590D0069C0A1</key>
		<dict>
			<key>isa</key>
			<string>PBXFileReference</string>
			<key>lastKnownFileType</key>
			<string>sourcecode.c.objc</string>
			<key>path</key>
			<string>main.m</string>
			<key>sourceTree</key>
			<string>&lt;group&gt;</string>
		</dict>
		<key>C09F21F219DC590D0069C0A1</key>
		<dict>
			<key>fileRef</key>
			<string>C09F21F119DC590D0069C0A1</string>
			<key>isa</key>
			<string>PBXBuildFile</string>
		</dict>
		<key>C09F220119DC590D0069C0A1</key>
		<dict>
			<key>buildActionMask</key>
			<string>2147483647</string>
			<key>files</key>
			<array>
				<string>C05BFA3119DEAC1600C8FF34</string>
				<string>C05BFA3319DEAC2B00C8FF34</string>
				<string>C09F220C19DC590D0069C0A1</string>
				<string>C05BFA3819DEAC8F00C8FF34</string>
				<string>C05BFA3E19DEB9FF00C8FF34</string>
			</array>
			<key>isa</key>
			<string>PBXSourcesBuildPhase</string>
			<key>runOnlyForDeploymentPostprocessing</key>
			<string>0</string>
		</dict>
		<key>C09F220219DC590D0069C0A1</key>
		<dict>
			<key>buildActionMask</key>
			<string>2147483647</string>
			<key>files</key>
			<array>
				<string>6EA9633F27AFC81749A1C09A</string>
			</array>
			<key>isa</key>
			<string>PBXFrameworksBuildPhase</string>
			<key>runOnlyForDeploymentPostprocessing</key>
			<string>0</string>
		</dict>
		<key>C09F220319DC590D0069C0A1</key>
		<dict>
			<key>buildActionMask</key>
			<string>2147483647</string>
			<key>files</key>
			<array>
				<string>C05BFA2D19DEAAA000C8FF34</string>
				<string>C048AEEB19E14CA8005B163E</string>
				<string>C05BFA3A19DEB03700C8FF34</string>
				<string>C05BFA2E19DEAAA000C8FF34</string>
				<string>C05BFA2C19DEAAA000C8FF34</string>
				<string>C05BFA2F19DEAAA000C8FF34</string>
				<string>C05BFA4719DF12D300C8FF34</string>
				<string>C053E0FE19E159C200336D7F</string>
				<string>C048AEED19E14F90005B163E</string>
				<string>C05BFA3C19DEB4DD00C8FF34</string>
			</array>
			<key>isa</key>
			<string>PBXResourcesBuildPhase</string>
			<key>runOnlyForDeploymentPostprocessing</key>
			<string>0</string>
		</dict>
		<key>C09F220419DC590D0069C0A1</key>
		<dict>
			<key>buildConfigurationList</key>
			<string>C09F221219DC590D0069C0A1</string>
			<key>buildPhases</key>
			<array>
				<string>3C548B0CBEE85E304C35995E</string>
				<string>C09F220119DC590D0069C0A1</string>
				<string>C09F220219DC590D0069C0A1</string>
				<string>C09F220319DC590D0069C0A1</string>
				<string>90E3F290B0C7C418193CE2CE</string>
			</array>
			<key>buildRules</key>
			<array/>
			<key>dependencies</key>
			<array>
				<string>C09F220719DC590D0069C0A1</string>
				<string>C05BFA4219DF09A000C8FF34</string>
			</array>
			<key>isa</key>
			<string>PBXNativeTarget</string>
			<key>name</key>
			<string>Tests</string>
			<key>productName</key>
			<string>Tests</string>
			<key>productReference</key>
			<string>C09F220519DC590D0069C0A1</string>
			<key>productType</key>
			<string>com.apple.product-type.bundle.unit-test</string>
		</dict>
		<key>C09F220519DC590D0069C0A1</key>
		<dict>
			<key>explicitFileType</key>
			<string>wrapper.cfbundle</string>
			<key>includeInIndex</key>
			<string>0</string>
			<key>isa</key>
			<string>PBXFileReference</string>
			<key>path</key>
			<string>Tests.xctest</string>
			<key>sourceTree</key>
			<string>BUILT_PRODUCTS_DIR</string>
		</dict>
		<key>C09F220619DC590D0069C0A1</key>
		<dict>
			<key>containerPortal</key>
			<string>C09F21E419DC590D0069C0A1</string>
			<key>isa</key>
			<string>PBXContainerItemProxy</string>
			<key>proxyType</key>
			<string>1</string>
			<key>remoteGlobalIDString</key>
			<string>C09F21EB19DC590D0069C0A1</string>
			<key>remoteInfo</key>
			<string>Example</string>
		</dict>
		<key>C09F220719DC590D0069C0A1</key>
		<dict>
			<key>isa</key>
			<string>PBXTargetDependency</string>
			<key>target</key>
			<string>C09F21EB19DC590D0069C0A1</string>
			<key>targetProxy</key>
			<string>C09F220619DC590D0069C0A1</string>
		</dict>
		<key>C09F220819DC590D0069C0A1</key>
		<dict>
			<key>children</key>
			<array>
				<string>C09F220919DC590D0069C0A1</string>
				<string>C05BFA2719DEA9BF00C8FF34</string>
				<string>C09F220B19DC590D0069C0A1</string>
				<string>C05BFA3019DEAC1600C8FF34</string>
				<string>C05BFA3219DEAC2B00C8FF34</string>
				<string>C05BFA3619DEAC8F00C8FF34</string>
				<string>C05BFA3719DEAC8F00C8FF34</string>
				<string>C05BFA3D19DEB9FF00C8FF34</string>
			</array>
			<key>isa</key>
			<string>PBXGroup</string>
			<key>path</key>
			<string>Tests</string>
			<key>sourceTree</key>
			<string>&lt;group&gt;</string>
		</dict>
		<key>C09F220919DC590D0069C0A1</key>
		<dict>
			<key>children</key>
			<array>
				<string>C09F220A19DC590D0069C0A1</string>
			</array>
			<key>isa</key>
			<string>PBXGroup</string>
			<key>name</key>
			<string>Supporting Files</string>
			<key>sourceTree</key>
			<string>&lt;group&gt;</string>
		</dict>
		<key>C09F220A19DC590D0069C0A1</key>
		<dict>
			<key>isa</key>
			<string>PBXFileReference</string>
			<key>lastKnownFileType</key>
			<string>text.plist.xml</string>
			<key>path</key>
			<string>Info.plist</string>
			<key>sourceTree</key>
			<string>&lt;group&gt;</string>
		</dict>
		<key>C09F220B19DC590D0069C0A1</key>
		<dict>
			<key>isa</key>
			<string>PBXFileReference</string>
			<key>lastKnownFileType</key>
			<string>sourcecode.c.objc</string>
			<key>path</key>
			<string>GRXLayoutInflaterTests.m</string>
			<key>sourceTree</key>
			<string>&lt;group&gt;</string>
		</dict>
		<key>C09F220C19DC590D0069C0A1</key>
		<dict>
			<key>fileRef</key>
			<string>C09F220B19DC590D0069C0A1</string>
			<key>isa</key>
			<string>PBXBuildFile</string>
		</dict>
		<key>C09F220D19DC590D0069C0A1</key>
		<dict>
			<key>buildSettings</key>
			<dict>
				<key>ALWAYS_SEARCH_USER_PATHS</key>
				<string>NO</string>
				<key>CLANG_CXX_LANGUAGE_STANDARD</key>
				<string>gnu++0x</string>
				<key>CLANG_CXX_LIBRARY</key>
				<string>libc++</string>
				<key>CLANG_ENABLE_MODULES</key>
				<string>YES</string>
				<key>CLANG_ENABLE_OBJC_ARC</key>
				<string>YES</string>
				<key>CLANG_WARN_BOOL_CONVERSION</key>
				<string>YES</string>
				<key>CLANG_WARN_CONSTANT_CONVERSION</key>
				<string>YES</string>
				<key>CLANG_WARN_DIRECT_OBJC_ISA_USAGE</key>
				<string>YES_ERROR</string>
				<key>CLANG_WARN_EMPTY_BODY</key>
				<string>YES</string>
				<key>CLANG_WARN_ENUM_CONVERSION</key>
				<string>YES</string>
				<key>CLANG_WARN_INT_CONVERSION</key>
				<string>YES</string>
				<key>CLANG_WARN_OBJC_ROOT_CLASS</key>
				<string>YES_ERROR</string>
				<key>CLANG_WARN_UNREACHABLE_CODE</key>
				<string>YES</string>
				<key>CLANG_WARN__DUPLICATE_METHOD_MATCH</key>
				<string>YES</string>
				<key>CODE_SIGN_IDENTITY[sdk=iphoneos*]</key>
				<string>iPhone Developer</string>
				<key>COPY_PHASE_STRIP</key>
				<string>NO</string>
				<key>ENABLE_STRICT_OBJC_MSGSEND</key>
				<string>YES</string>
				<key>GCC_C_LANGUAGE_STANDARD</key>
				<string>gnu99</string>
				<key>GCC_DYNAMIC_NO_PIC</key>
				<string>NO</string>
				<key>GCC_GENERATE_TEST_COVERAGE_FILES</key>
				<string>YES</string>
				<key>GCC_INSTRUMENT_PROGRAM_FLOW_ARCS</key>
				<string>YES</string>
				<key>GCC_OPTIMIZATION_LEVEL</key>
				<string>0</string>
				<key>GCC_PREPROCESSOR_DEFINITIONS</key>
				<array>
					<string>DEBUG=1</string>
					<string>$(inherited)</string>
				</array>
				<key>GCC_SYMBOLS_PRIVATE_EXTERN</key>
				<string>NO</string>
				<key>GCC_WARN_64_TO_32_BIT_CONVERSION</key>
				<string>YES</string>
				<key>GCC_WARN_ABOUT_RETURN_TYPE</key>
				<string>YES_ERROR</string>
				<key>GCC_WARN_UNDECLARED_SELECTOR</key>
				<string>YES</string>
				<key>GCC_WARN_UNINITIALIZED_AUTOS</key>
				<string>YES_AGGRESSIVE</string>
				<key>GCC_WARN_UNUSED_FUNCTION</key>
				<string>YES</string>
				<key>GCC_WARN_UNUSED_VARIABLE</key>
				<string>YES</string>
				<key>GENERATE_PROFILING_CODE</key>
				<string>YES</string>
				<key>IPHONEOS_DEPLOYMENT_TARGET</key>
				<string>8.0</string>
				<key>MTL_ENABLE_DEBUG_INFO</key>
				<string>YES</string>
				<key>ONLY_ACTIVE_ARCH</key>
				<string>YES</string>
				<key>SDKROOT</key>
				<string>iphoneos</string>
			</dict>
			<key>isa</key>
			<string>XCBuildConfiguration</string>
			<key>name</key>
			<string>Debug</string>
		</dict>
		<key>C09F220E19DC590D0069C0A1</key>
		<dict>
			<key>buildSettings</key>
			<dict>
				<key>ALWAYS_SEARCH_USER_PATHS</key>
				<string>NO</string>
				<key>CLANG_CXX_LANGUAGE_STANDARD</key>
				<string>gnu++0x</string>
				<key>CLANG_CXX_LIBRARY</key>
				<string>libc++</string>
				<key>CLANG_ENABLE_MODULES</key>
				<string>YES</string>
				<key>CLANG_ENABLE_OBJC_ARC</key>
				<string>YES</string>
				<key>CLANG_WARN_BOOL_CONVERSION</key>
				<string>YES</string>
				<key>CLANG_WARN_CONSTANT_CONVERSION</key>
				<string>YES</string>
				<key>CLANG_WARN_DIRECT_OBJC_ISA_USAGE</key>
				<string>YES_ERROR</string>
				<key>CLANG_WARN_EMPTY_BODY</key>
				<string>YES</string>
				<key>CLANG_WARN_ENUM_CONVERSION</key>
				<string>YES</string>
				<key>CLANG_WARN_INT_CONVERSION</key>
				<string>YES</string>
				<key>CLANG_WARN_OBJC_ROOT_CLASS</key>
				<string>YES_ERROR</string>
				<key>CLANG_WARN_UNREACHABLE_CODE</key>
				<string>YES</string>
				<key>CLANG_WARN__DUPLICATE_METHOD_MATCH</key>
				<string>YES</string>
				<key>CODE_SIGN_IDENTITY[sdk=iphoneos*]</key>
				<string>iPhone Developer</string>
				<key>COPY_PHASE_STRIP</key>
				<string>YES</string>
				<key>ENABLE_NS_ASSERTIONS</key>
				<string>NO</string>
				<key>ENABLE_STRICT_OBJC_MSGSEND</key>
				<string>YES</string>
				<key>GCC_C_LANGUAGE_STANDARD</key>
				<string>gnu99</string>
				<key>GCC_GENERATE_TEST_COVERAGE_FILES</key>
				<string>YES</string>
				<key>GCC_INSTRUMENT_PROGRAM_FLOW_ARCS</key>
				<string>YES</string>
				<key>GCC_WARN_64_TO_32_BIT_CONVERSION</key>
				<string>YES</string>
				<key>GCC_WARN_ABOUT_RETURN_TYPE</key>
				<string>YES_ERROR</string>
				<key>GCC_WARN_UNDECLARED_SELECTOR</key>
				<string>YES</string>
				<key>GCC_WARN_UNINITIALIZED_AUTOS</key>
				<string>YES_AGGRESSIVE</string>
				<key>GCC_WARN_UNUSED_FUNCTION</key>
				<string>YES</string>
				<key>GCC_WARN_UNUSED_VARIABLE</key>
				<string>YES</string>
				<key>GENERATE_PROFILING_CODE</key>
				<string>YES</string>
				<key>IPHONEOS_DEPLOYMENT_TARGET</key>
				<string>8.0</string>
				<key>MTL_ENABLE_DEBUG_INFO</key>
				<string>NO</string>
				<key>SDKROOT</key>
				<string>iphoneos</string>
				<key>VALIDATE_PRODUCT</key>
				<string>YES</string>
			</dict>
			<key>isa</key>
			<string>XCBuildConfiguration</string>
			<key>name</key>
			<string>Release</string>
		</dict>
		<key>C09F220F19DC590D0069C0A1</key>
		<dict>
			<key>buildConfigurations</key>
			<array>
				<string>C09F221019DC590D0069C0A1</string>
				<string>C09F221119DC590D0069C0A1</string>
			</array>
			<key>defaultConfigurationIsVisible</key>
			<string>0</string>
			<key>defaultConfigurationName</key>
			<string>Release</string>
			<key>isa</key>
			<string>XCConfigurationList</string>
		</dict>
		<key>C09F221019DC590D0069C0A1</key>
		<dict>
			<key>baseConfigurationReference</key>
			<string>52B8E55FEED8081ECE684CBE</string>
			<key>buildSettings</key>
			<dict>
				<key>ASSETCATALOG_COMPILER_APPICON_NAME</key>
				<string>AppIcon</string>
				<key>GCC_GENERATE_TEST_COVERAGE_FILES</key>
				<string>YES</string>
				<key>GCC_INSTRUMENT_PROGRAM_FLOW_ARCS</key>
				<string>YES</string>
				<key>INFOPLIST_FILE</key>
				<string>Example/Info.plist</string>
				<key>IPHONEOS_DEPLOYMENT_TARGET</key>
				<string>7.1</string>
				<key>LD_RUNPATH_SEARCH_PATHS</key>
				<string>$(inherited) @executable_path/Frameworks</string>
				<key>PRODUCT_NAME</key>
				<string>$(TARGET_NAME)</string>
			</dict>
			<key>isa</key>
			<string>XCBuildConfiguration</string>
			<key>name</key>
			<string>Debug</string>
		</dict>
		<key>C09F221119DC590D0069C0A1</key>
		<dict>
			<key>baseConfigurationReference</key>
			<string>FF12DCF473391DD003B32A52</string>
			<key>buildSettings</key>
			<dict>
				<key>ASSETCATALOG_COMPILER_APPICON_NAME</key>
				<string>AppIcon</string>
				<key>BUNDLE_LOADER</key>
				<string>$(TEST_HOST)</string>
				<key>GCC_GENERATE_TEST_COVERAGE_FILES</key>
				<string>YES</string>
				<key>GCC_INSTRUMENT_PROGRAM_FLOW_ARCS</key>
				<string>YES</string>
				<key>INFOPLIST_FILE</key>
				<string>Example/Info.plist</string>
				<key>IPHONEOS_DEPLOYMENT_TARGET</key>
				<string>7.1</string>
				<key>LD_RUNPATH_SEARCH_PATHS</key>
				<string>$(inherited) @executable_path/Frameworks</string>
				<key>PRODUCT_NAME</key>
				<string>$(TARGET_NAME)</string>
			</dict>
			<key>isa</key>
			<string>XCBuildConfiguration</string>
			<key>name</key>
			<string>Release</string>
		</dict>
		<key>C09F221219DC590D0069C0A1</key>
		<dict>
			<key>buildConfigurations</key>
			<array>
				<string>C09F221319DC590D0069C0A1</string>
				<string>C09F221419DC590D0069C0A1</string>
			</array>
			<key>defaultConfigurationIsVisible</key>
			<string>0</string>
			<key>defaultConfigurationName</key>
			<string>Release</string>
			<key>isa</key>
			<string>XCConfigurationList</string>
		</dict>
		<key>C09F221319DC590D0069C0A1</key>
		<dict>
			<key>baseConfigurationReference</key>
			<string>15B4BDA80C613A087E0912E1</string>
			<key>buildSettings</key>
			<dict>
				<key>BUNDLE_LOADER</key>
				<string>$(TEST_HOST)</string>
				<key>FRAMEWORK_SEARCH_PATHS</key>
				<array>
					<string>$(SDKROOT)/Developer/Library/Frameworks</string>
					<string>$(inherited)</string>
				</array>
				<key>GCC_PREPROCESSOR_DEFINITIONS</key>
				<array>
					<string>DEBUG=1</string>
					<string>$(inherited)</string>
					<string>FB_REFERENCE_IMAGE_DIR="\"$(SOURCE_ROOT)/Tests/ReferenceImages\""</string>
				</array>
				<key>GENERATE_PROFILING_CODE</key>
				<string>YES</string>
				<key>INFOPLIST_FILE</key>
				<string>Tests/Info.plist</string>
				<key>LD_RUNPATH_SEARCH_PATHS</key>
				<string>$(inherited) @executable_path/Frameworks @loader_path/Frameworks</string>
				<key>PRODUCT_NAME</key>
				<string>$(TARGET_NAME)</string>
				<key>TEST_HOST</key>
				<string>$(BUILT_PRODUCTS_DIR)/Example.app/Example</string>
			</dict>
			<key>isa</key>
			<string>XCBuildConfiguration</string>
			<key>name</key>
			<string>Debug</string>
		</dict>
		<key>C09F221419DC590D0069C0A1</key>
		<dict>
			<key>baseConfigurationReference</key>
			<string>FB68E9A3DCEB1A6BB74AC22D</string>
			<key>buildSettings</key>
			<dict>
				<key>FRAMEWORK_SEARCH_PATHS</key>
				<array>
					<string>$(SDKROOT)/Developer/Library/Frameworks</string>
					<string>$(inherited)</string>
				</array>
				<key>GENERATE_PROFILING_CODE</key>
				<string>YES</string>
				<key>INFOPLIST_FILE</key>
				<string>Tests/Info.plist</string>
				<key>LD_RUNPATH_SEARCH_PATHS</key>
				<string>$(inherited) @executable_path/Frameworks @loader_path/Frameworks</string>
				<key>PRODUCT_NAME</key>
				<string>$(TARGET_NAME)</string>
				<key>TEST_HOST</key>
				<string>$(BUILT_PRODUCTS_DIR)/Example.app/Example</string>
			</dict>
			<key>isa</key>
			<string>XCBuildConfiguration</string>
			<key>name</key>
			<string>Release</string>
		</dict>
		<key>C09F223619DC5A390069C0A1</key>
		<dict>
			<key>children</key>
			<array>
				<string>C09F223719DC5A390069C0A1</string>
			</array>
			<key>isa</key>
			<string>PBXGroup</string>
			<key>path</key>
			<string>Assets</string>
			<key>sourceTree</key>
			<string>&lt;group&gt;</string>
		</dict>
		<key>C09F223719DC5A390069C0A1</key>
		<dict>
			<key>isa</key>
			<string>PBXFileReference</string>
			<key>lastKnownFileType</key>
			<string>image.png</string>
			<key>path</key>
			<string>lab.png</string>
			<key>sourceTree</key>
			<string>&lt;group&gt;</string>
		</dict>
		<key>C09F223819DC5A390069C0A1</key>
		<dict>
			<key>fileEncoding</key>
			<string>4</string>
			<key>isa</key>
			<string>PBXFileReference</string>
			<key>lastKnownFileType</key>
			<string>sourcecode.c.h</string>
			<key>path</key>
			<string>GRXAppDelegate.h</string>
			<key>sourceTree</key>
			<string>&lt;group&gt;</string>
		</dict>
		<key>C09F223919DC5A390069C0A1</key>
		<dict>
			<key>fileEncoding</key>
			<string>4</string>
			<key>isa</key>
			<string>PBXFileReference</string>
			<key>lastKnownFileType</key>
			<string>sourcecode.c.objc</string>
			<key>path</key>
			<string>GRXAppDelegate.m</string>
			<key>sourceTree</key>
			<string>&lt;group&gt;</string>
		</dict>
		<key>C09F223A19DC5A390069C0A1</key>
		<dict>
			<key>fileEncoding</key>
			<string>4</string>
			<key>isa</key>
			<string>PBXFileReference</string>
			<key>lastKnownFileType</key>
			<string>sourcecode.c.h</string>
			<key>path</key>
			<string>GRXLabelTestViewController.h</string>
			<key>sourceTree</key>
			<string>&lt;group&gt;</string>
		</dict>
		<key>C09F223B19DC5A390069C0A1</key>
		<dict>
			<key>fileEncoding</key>
			<string>4</string>
			<key>isa</key>
			<string>PBXFileReference</string>
			<key>lastKnownFileType</key>
			<string>sourcecode.c.objc</string>
			<key>path</key>
			<string>GRXLabelTestViewController.m</string>
			<key>sourceTree</key>
			<string>&lt;group&gt;</string>
		</dict>
		<key>C09F223C19DC5A390069C0A1</key>
		<dict>
			<key>fileEncoding</key>
			<string>4</string>
			<key>isa</key>
			<string>PBXFileReference</string>
			<key>lastKnownFileType</key>
			<string>sourcecode.c.h</string>
			<key>path</key>
			<string>GRXLinearLayoutTestController.h</string>
			<key>sourceTree</key>
			<string>&lt;group&gt;</string>
		</dict>
		<key>C09F223D19DC5A390069C0A1</key>
		<dict>
			<key>fileEncoding</key>
			<string>4</string>
			<key>isa</key>
			<string>PBXFileReference</string>
			<key>lastKnownFileType</key>
			<string>sourcecode.c.objc</string>
			<key>path</key>
			<string>GRXLinearLayoutTestController.m</string>
			<key>sourceTree</key>
			<string>&lt;group&gt;</string>
		</dict>
		<key>C09F223E19DC5A390069C0A1</key>
		<dict>
			<key>fileEncoding</key>
			<string>4</string>
			<key>isa</key>
			<string>PBXFileReference</string>
			<key>lastKnownFileType</key>
			<string>sourcecode.c.h</string>
			<key>path</key>
			<string>GRXRelativeLayoutTestController.h</string>
			<key>sourceTree</key>
			<string>&lt;group&gt;</string>
		</dict>
		<key>C09F223F19DC5A390069C0A1</key>
		<dict>
			<key>fileEncoding</key>
			<string>4</string>
			<key>isa</key>
			<string>PBXFileReference</string>
			<key>lastKnownFileType</key>
			<string>sourcecode.c.objc</string>
			<key>path</key>
			<string>GRXRelativeLayoutTestController.m</string>
			<key>sourceTree</key>
			<string>&lt;group&gt;</string>
		</dict>
		<key>C09F224019DC5A390069C0A1</key>
		<dict>
			<key>fileEncoding</key>
			<string>4</string>
			<key>isa</key>
			<string>PBXFileReference</string>
			<key>lastKnownFileType</key>
			<string>sourcecode.c.h</string>
			<key>path</key>
			<string>GRXRelativeLayoutTestController2.h</string>
			<key>sourceTree</key>
			<string>&lt;group&gt;</string>
		</dict>
		<key>C09F224119DC5A390069C0A1</key>
		<dict>
			<key>fileEncoding</key>
			<string>4</string>
			<key>isa</key>
			<string>PBXFileReference</string>
			<key>lastKnownFileType</key>
			<string>sourcecode.c.objc</string>
			<key>path</key>
			<string>GRXRelativeLayoutTestController2.m</string>
			<key>sourceTree</key>
			<string>&lt;group&gt;</string>
		</dict>
		<key>C09F224219DC5A390069C0A1</key>
		<dict>
			<key>fileEncoding</key>
			<string>4</string>
			<key>isa</key>
			<string>PBXFileReference</string>
			<key>lastKnownFileType</key>
			<string>sourcecode.c.h</string>
			<key>path</key>
			<string>GRXRelativeLayoutTestController3.h</string>
			<key>sourceTree</key>
			<string>&lt;group&gt;</string>
		</dict>
		<key>C09F224319DC5A390069C0A1</key>
		<dict>
			<key>fileEncoding</key>
			<string>4</string>
			<key>isa</key>
			<string>PBXFileReference</string>
			<key>lastKnownFileType</key>
			<string>sourcecode.c.objc</string>
			<key>path</key>
			<string>GRXRelativeLayoutTestController3.m</string>
			<key>sourceTree</key>
			<string>&lt;group&gt;</string>
		</dict>
		<key>C09F224419DC5A390069C0A1</key>
		<dict>
			<key>fileEncoding</key>
			<string>4</string>
			<key>isa</key>
			<string>PBXFileReference</string>
			<key>lastKnownFileType</key>
			<string>sourcecode.c.h</string>
			<key>path</key>
			<string>GRXSelectionViewController.h</string>
			<key>sourceTree</key>
			<string>&lt;group&gt;</string>
		</dict>
		<key>C09F224519DC5A390069C0A1</key>
		<dict>
			<key>fileEncoding</key>
			<string>4</string>
			<key>isa</key>
			<string>PBXFileReference</string>
			<key>lastKnownFileType</key>
			<string>sourcecode.c.objc</string>
			<key>path</key>
			<string>GRXSelectionViewController.m</string>
			<key>sourceTree</key>
			<string>&lt;group&gt;</string>
		</dict>
		<key>C09F224619DC5A390069C0A1</key>
		<dict>
			<key>fileEncoding</key>
			<string>4</string>
			<key>isa</key>
			<string>PBXFileReference</string>
			<key>lastKnownFileType</key>
			<string>sourcecode.c.h</string>
			<key>path</key>
			<string>GRXTopLayoutTestViewController.h</string>
			<key>sourceTree</key>
			<string>&lt;group&gt;</string>
		</dict>
		<key>C09F224719DC5A390069C0A1</key>
		<dict>
			<key>fileEncoding</key>
			<string>4</string>
			<key>isa</key>
			<string>PBXFileReference</string>
			<key>lastKnownFileType</key>
			<string>sourcecode.c.objc</string>
			<key>path</key>
			<string>GRXTopLayoutTestViewController.m</string>
			<key>sourceTree</key>
			<string>&lt;group&gt;</string>
		</dict>
		<key>C09F224819DC5A390069C0A1</key>
		<dict>
			<key>fileEncoding</key>
			<string>4</string>
			<key>isa</key>
			<string>PBXFileReference</string>
			<key>lastKnownFileType</key>
			<string>sourcecode.c.h</string>
			<key>path</key>
			<string>GRXTextViewTestViewController.h</string>
			<key>sourceTree</key>
			<string>&lt;group&gt;</string>
		</dict>
		<key>C09F224919DC5A390069C0A1</key>
		<dict>
			<key>fileEncoding</key>
			<string>4</string>
			<key>isa</key>
			<string>PBXFileReference</string>
			<key>lastKnownFileType</key>
			<string>sourcecode.c.objc</string>
			<key>path</key>
			<string>GRXTextViewTestViewController.m</string>
			<key>sourceTree</key>
			<string>&lt;group&gt;</string>
		</dict>
		<key>C09F224A19DC5A390069C0A1</key>
		<dict>
			<key>fileEncoding</key>
			<string>4</string>
			<key>isa</key>
			<string>PBXFileReference</string>
			<key>lastKnownFileType</key>
			<string>sourcecode.c.h</string>
			<key>path</key>
			<string>GRXWeightedLinearLayoutTestController.h</string>
			<key>sourceTree</key>
			<string>&lt;group&gt;</string>
		</dict>
		<key>C09F224B19DC5A390069C0A1</key>
		<dict>
			<key>fileEncoding</key>
			<string>4</string>
			<key>isa</key>
			<string>PBXFileReference</string>
			<key>lastKnownFileType</key>
			<string>sourcecode.c.objc</string>
			<key>path</key>
			<string>GRXWeightedLinearLayoutTestController.m</string>
			<key>sourceTree</key>
			<string>&lt;group&gt;</string>
		</dict>
		<key>C09F224C19DC5A390069C0A1</key>
		<dict>
			<key>fileRef</key>
			<string>C09F223719DC5A390069C0A1</string>
			<key>isa</key>
			<string>PBXBuildFile</string>
		</dict>
		<key>C09F224D19DC5A390069C0A1</key>
		<dict>
			<key>fileRef</key>
			<string>C09F223919DC5A390069C0A1</string>
			<key>isa</key>
			<string>PBXBuildFile</string>
		</dict>
		<key>C09F224E19DC5A390069C0A1</key>
		<dict>
			<key>fileRef</key>
			<string>C09F223B19DC5A390069C0A1</string>
			<key>isa</key>
			<string>PBXBuildFile</string>
		</dict>
		<key>C09F224F19DC5A390069C0A1</key>
		<dict>
			<key>fileRef</key>
			<string>C09F223D19DC5A390069C0A1</string>
			<key>isa</key>
			<string>PBXBuildFile</string>
		</dict>
		<key>C09F225019DC5A390069C0A1</key>
		<dict>
			<key>fileRef</key>
			<string>C09F223F19DC5A390069C0A1</string>
			<key>isa</key>
			<string>PBXBuildFile</string>
		</dict>
		<key>C09F225119DC5A390069C0A1</key>
		<dict>
			<key>fileRef</key>
			<string>C09F224119DC5A390069C0A1</string>
			<key>isa</key>
			<string>PBXBuildFile</string>
		</dict>
		<key>C09F225219DC5A390069C0A1</key>
		<dict>
			<key>fileRef</key>
			<string>C09F224319DC5A390069C0A1</string>
			<key>isa</key>
			<string>PBXBuildFile</string>
		</dict>
		<key>C09F225319DC5A390069C0A1</key>
		<dict>
			<key>fileRef</key>
			<string>C09F224519DC5A390069C0A1</string>
			<key>isa</key>
			<string>PBXBuildFile</string>
		</dict>
		<key>C09F225419DC5A390069C0A1</key>
		<dict>
			<key>fileRef</key>
			<string>C09F224719DC5A390069C0A1</string>
			<key>isa</key>
			<string>PBXBuildFile</string>
		</dict>
		<key>C09F225519DC5A390069C0A1</key>
		<dict>
			<key>fileRef</key>
			<string>C09F224919DC5A390069C0A1</string>
			<key>isa</key>
			<string>PBXBuildFile</string>
		</dict>
		<key>C09F225619DC5A390069C0A1</key>
		<dict>
			<key>fileRef</key>
			<string>C09F224B19DC5A390069C0A1</string>
			<key>isa</key>
			<string>PBXBuildFile</string>
		</dict>
		<key>C09F225719DC5D560069C0A1</key>
		<dict>
			<key>children</key>
			<array>
				<string>C053E10219E1B54100336D7F</string>
				<string>C09F225819DC5D630069C0A1</string>
				<string>C0A2368A19E5174C007AA875</string>
			</array>
			<key>isa</key>
			<string>PBXGroup</string>
			<key>path</key>
			<string>Layouts</string>
			<key>sourceTree</key>
			<string>&lt;group&gt;</string>
		</dict>
		<key>C09F225819DC5D630069C0A1</key>
		<dict>
			<key>fileEncoding</key>
			<string>4</string>
			<key>isa</key>
			<string>PBXFileReference</string>
			<key>lastKnownFileType</key>
			<string>text</string>
			<key>path</key>
			<string>relative_test_1.grx</string>
			<key>sourceTree</key>
			<string>&lt;group&gt;</string>
		</dict>
		<key>C09F225A19DC5D630069C0A1</key>
		<dict>
			<key>fileRef</key>
			<string>C09F225819DC5D630069C0A1</string>
			<key>isa</key>
			<string>PBXBuildFile</string>
		</dict>
		<key>C09F226B19DC69BF0069C0A1</key>
		<dict>
			<key>fileEncoding</key>
			<string>4</string>
			<key>isa</key>
			<string>PBXFileReference</string>
			<key>lastKnownFileType</key>
			<string>sourcecode.c.h</string>
			<key>path</key>
			<string>GRXLayoutInflaterTestController1.h</string>
			<key>sourceTree</key>
			<string>&lt;group&gt;</string>
		</dict>
		<key>C09F226C19DC69BF0069C0A1</key>
		<dict>
			<key>fileEncoding</key>
			<string>4</string>
			<key>isa</key>
			<string>PBXFileReference</string>
			<key>lastKnownFileType</key>
			<string>sourcecode.c.objc</string>
			<key>path</key>
			<string>GRXLayoutInflaterTestController1.m</string>
			<key>sourceTree</key>
			<string>&lt;group&gt;</string>
		</dict>
		<key>C09F226D19DC69BF0069C0A1</key>
		<dict>
			<key>fileRef</key>
			<string>C09F226C19DC69BF0069C0A1</string>
			<key>isa</key>
			<string>PBXBuildFile</string>
		</dict>
		<key>C0A2368A19E5174C007AA875</key>
		<dict>
			<key>fileEncoding</key>
			<string>4</string>
			<key>isa</key>
			<string>PBXFileReference</string>
			<key>lastKnownFileType</key>
			<string>text</string>
			<key>path</key>
			<string>cell_test.grx</string>
			<key>sourceTree</key>
			<string>&lt;group&gt;</string>
		</dict>
		<key>C0A2368B19E5174C007AA875</key>
		<dict>
			<key>fileRef</key>
			<string>C0A2368A19E5174C007AA875</string>
			<key>isa</key>
			<string>PBXBuildFile</string>
		</dict>
		<key>FB68E9A3DCEB1A6BB74AC22D</key>
		<dict>
			<key>includeInIndex</key>
			<string>1</string>
			<key>isa</key>
			<string>PBXFileReference</string>
			<key>lastKnownFileType</key>
			<string>text.xcconfig</string>
			<key>name</key>
			<string>Pods-Tests.release.xcconfig</string>
			<key>path</key>
			<string>Pods/Target Support Files/Pods-Tests/Pods-Tests.release.xcconfig</string>
			<key>sourceTree</key>
			<string>&lt;group&gt;</string>
		</dict>
		<key>FF12DCF473391DD003B32A52</key>
		<dict>
			<key>includeInIndex</key>
			<string>1</string>
			<key>isa</key>
			<string>PBXFileReference</string>
			<key>lastKnownFileType</key>
			<string>text.xcconfig</string>
			<key>name</key>
			<string>Pods-Example.release.xcconfig</string>
			<key>path</key>
			<string>Pods/Target Support Files/Pods-Example/Pods-Example.release.xcconfig</string>
			<key>sourceTree</key>
			<string>&lt;group&gt;</string>
		</dict>
	</dict>
	<key>rootObject</key>
	<string>C09F21E419DC590D0069C0A1</string>
</dict>
</plist>
